
Microsoft Visual Studio Solution File, Format Version 12.00
# Visual Studio Version 16
VisualStudioVersion = 16.0.30907.101
MinimumVisualStudioVersion = 10.0.40219.1
Project("{FAE04EC0-301F-11D3-BF4B-00C04F79EFBC}") = "LamaFunctions", "LamaFunctions\LamaFunctions.csproj", "{F28D1E1A-4B26-47E8-8111-2F352F54B0BA}"
EndProject
Global
	GlobalSection(SolutionConfigurationPlatforms) = preSolution
		Debug|Any CPU = Debug|Any CPU
		Release|Any CPU = Release|Any CPU
	EndGlobalSection
	GlobalSection(ProjectConfigurationPlatforms) = postSolution
		{F28D1E1A-4B26-47E8-8111-2F352F54B0BA}.Debug|Any CPU.ActiveCfg = Debug|Any CPU
		{F28D1E1A-4B26-47E8-8111-2F352F54B0BA}.Debug|Any CPU.Build.0 = Debug|Any CPU
		{F28D1E1A-4B26-47E8-8111-2F352F54B0BA}.Release|Any CPU.ActiveCfg = Release|Any CPU
		{F28D1E1A-4B26-47E8-8111-2F352F54B0BA}.Release|Any CPU.Build.0 = Release|Any CPU
	EndGlobalSection
	GlobalSection(SolutionProperties) = preSolution
		HideSolutionNode = FALSE
	EndGlobalSection
	GlobalSection(ExtensibilityGlobals) = postSolution
		SolutionGuid = {40C7A374-1B4E-4443-973E-8FCF5027A4C7}
	EndGlobalSection
EndGlobal
